
Microsoft Visual Studio Solution File, Format Version 12.00
# Visual Studio Version 17
VisualStudioVersion = 17.0.31903.59
MinimumVisualStudioVersion = 10.0.40219.1
Project("{2150E333-8FDC-42A3-9474-1A3956D46DE8}") = "Core", "Core", "{D457B16A-DA7A-415B-A561-BA75DA96FF80}"
EndProject
Project("{2150E333-8FDC-42A3-9474-1A3956D46DE8}") = "JustJoinIT", "JustJoinIT", "{965F87FD-EDC9-4ADC-AFC6-BE8D3B51C44E}"
EndProject
Project("{9A19103F-16F7-4668-BE54-9A1E7A4F7556}") = "JobCloud.BE.Domain", "JobCloud.BE.Domain\JobCloud.BE.Domain.csproj", "{0EEEC1D0-1A5C-4545-ABED-18CFB15DC492}"
EndProject
Project("{2150E333-8FDC-42A3-9474-1A3956D46DE8}") = "ReadModel", "ReadModel", "{30E06C39-D3E6-45F8-9EE7-F9C532BC1144}"
EndProject
Project("{2150E333-8FDC-42A3-9474-1A3956D46DE8}") = "Identity", "Identity", "{E3498B53-FDDA-4230-B71D-760BFBBA8FA4}"
EndProject
Project("{2150E333-8FDC-42A3-9474-1A3956D46DE8}") = "Shared", "Shared", "{3EA61C49-20C7-40E8-B97A-E080A43D71C1}"
EndProject
Project("{9A19103F-16F7-4668-BE54-9A1E7A4F7556}") = "JobCloud.BE.Shared", "JobCloud.BE.Shared\JobCloud.BE.Shared.csproj", "{DF5E87FA-E67D-4ED6-A907-C152B77FE89C}"
EndProject
Project("{2150E333-8FDC-42A3-9474-1A3956D46DE8}") = "Modules", "Modules", "{C00A026E-A6E0-4887-86E5-54E703E15E39}"
EndProject
Project("{2150E333-8FDC-42A3-9474-1A3956D46DE8}") = "Jobs", "Jobs", "{15B4A4CC-146A-4CBC-811C-ECC00CB8DA9C}"
EndProject
Project("{9A19103F-16F7-4668-BE54-9A1E7A4F7556}") = "JobCloud.BE.Identity.Application", "JobCloud.BE.Identity.Application\JobCloud.BE.Identity.Application.csproj", "{ED043FA3-C4F8-4F49-B9C2-A69145E9A035}"
EndProject
Project("{9A19103F-16F7-4668-BE54-9A1E7A4F7556}") = "JobCloud.BE.JustJoinIt.Db", "JobCloud.BE.JustJoinIt.Db\JobCloud.BE.JustJoinIt.Db.csproj", "{061D1079-4807-430E-ADE2-2C2083F0CBBA}"
EndProject
Project("{2150E333-8FDC-42A3-9474-1A3956D46DE8}") = "Migrations", "Migrations", "{EF8D0BD9-52DA-496A-B7AD-9B3A6403AAF0}"
EndProject
Project("{9A19103F-16F7-4668-BE54-9A1E7A4F7556}") = "JobCloud.BE.Jobs.Application", "JobCloud.BE.Jobs\JobCloud.BE.Jobs.Application.csproj", "{5790FC7D-8B06-43CD-8C5B-A602014F1985}"
EndProject
Project("{9A19103F-16F7-4668-BE54-9A1E7A4F7556}") = "JobCloud.BE.Application", "JobCloud.BE.Application\JobCloud.BE.Application.csproj", "{7E461C02-344B-4A91-A06F-CDF6BD3CACD4}"
EndProject
Project("{9A19103F-16F7-4668-BE54-9A1E7A4F7556}") = "JobCloud.BE.WebApi", "JobCloud.BE.WebApi\JobCloud.BE.WebApi.csproj", "{E63F6260-DC75-4D72-9308-3B71C717A48A}"
EndProject
Project("{9A19103F-16F7-4668-BE54-9A1E7A4F7556}") = "JobCloud.BE.ReadModel.Db", "JobCloud.BE.ReadModel.Db\JobCloud.BE.ReadModel.Db.csproj", "{C5A564D4-0B8D-4D20-932D-9407C044FAE7}"
EndProject
Project("{9A19103F-16F7-4668-BE54-9A1E7A4F7556}") = "JobCloud.BE.JustJoinIt.Application", "JobCloud.BE.JustJoinIt.Application\JobCloud.BE.JustJoinIt.Application.csproj", "{4518FB8E-086E-4AB5-A195-C81BA0D8B34F}"
EndProject
Project("{9A19103F-16F7-4668-BE54-9A1E7A4F7556}") = "JobCloud.BE.ReadModel.Core", "JobCloud.BE.ReadModel.Core\JobCloud.BE.ReadModel.Core.csproj", "{0D7712D0-17DD-46ED-8F2E-9A4F91F72E7E}"
EndProject
Project("{9A19103F-16F7-4668-BE54-9A1E7A4F7556}") = "JobCloud.BE.ReadModel.Application", "JobCloud.BE.ReadModel.Application\JobCloud.BE.ReadModel.Application.csproj", "{19A77800-C0A3-4340-ACC4-6C5B20F79145}"
EndProject
Project("{9A19103F-16F7-4668-BE54-9A1E7A4F7556}") = "JobCloud.BE.Migrations", "JobCloud.BE.Migrations\JobCloud.BE.Migrations.csproj", "{3DCD24F0-BA3F-4BD9-8625-1702966A507A}"
EndProject
Project("{9A19103F-16F7-4668-BE54-9A1E7A4F7556}") = "JobCloud.BE.JustJoinIt.WebApi", "JobCloud.BE.JustJoinIt.WebApi\JobCloud.BE.JustJoinIt.WebApi.csproj", "{50396EC7-2F37-4219-8734-7178BCE436BC}"
EndProject
Global
	GlobalSection(SolutionConfigurationPlatforms) = preSolution
		Debug|Any CPU = Debug|Any CPU
		Release|Any CPU = Release|Any CPU
	EndGlobalSection
	GlobalSection(ProjectConfigurationPlatforms) = postSolution
		{0EEEC1D0-1A5C-4545-ABED-18CFB15DC492}.Debug|Any CPU.ActiveCfg = Debug|Any CPU
		{0EEEC1D0-1A5C-4545-ABED-18CFB15DC492}.Debug|Any CPU.Build.0 = Debug|Any CPU
		{0EEEC1D0-1A5C-4545-ABED-18CFB15DC492}.Release|Any CPU.ActiveCfg = Release|Any CPU
		{0EEEC1D0-1A5C-4545-ABED-18CFB15DC492}.Release|Any CPU.Build.0 = Release|Any CPU
		{DF5E87FA-E67D-4ED6-A907-C152B77FE89C}.Debug|Any CPU.ActiveCfg = Debug|Any CPU
		{DF5E87FA-E67D-4ED6-A907-C152B77FE89C}.Debug|Any CPU.Build.0 = Debug|Any CPU
		{DF5E87FA-E67D-4ED6-A907-C152B77FE89C}.Release|Any CPU.ActiveCfg = Release|Any CPU
		{DF5E87FA-E67D-4ED6-A907-C152B77FE89C}.Release|Any CPU.Build.0 = Release|Any CPU
		{ED043FA3-C4F8-4F49-B9C2-A69145E9A035}.Debug|Any CPU.ActiveCfg = Debug|Any CPU
		{ED043FA3-C4F8-4F49-B9C2-A69145E9A035}.Debug|Any CPU.Build.0 = Debug|Any CPU
		{ED043FA3-C4F8-4F49-B9C2-A69145E9A035}.Release|Any CPU.ActiveCfg = Release|Any CPU
		{ED043FA3-C4F8-4F49-B9C2-A69145E9A035}.Release|Any CPU.Build.0 = Release|Any CPU
		{061D1079-4807-430E-ADE2-2C2083F0CBBA}.Debug|Any CPU.ActiveCfg = Debug|Any CPU
		{061D1079-4807-430E-ADE2-2C2083F0CBBA}.Debug|Any CPU.Build.0 = Debug|Any CPU
		{061D1079-4807-430E-ADE2-2C2083F0CBBA}.Release|Any CPU.ActiveCfg = Release|Any CPU
		{061D1079-4807-430E-ADE2-2C2083F0CBBA}.Release|Any CPU.Build.0 = Release|Any CPU
		{5790FC7D-8B06-43CD-8C5B-A602014F1985}.Debug|Any CPU.ActiveCfg = Debug|Any CPU
		{5790FC7D-8B06-43CD-8C5B-A602014F1985}.Debug|Any CPU.Build.0 = Debug|Any CPU
		{5790FC7D-8B06-43CD-8C5B-A602014F1985}.Release|Any CPU.ActiveCfg = Release|Any CPU
		{5790FC7D-8B06-43CD-8C5B-A602014F1985}.Release|Any CPU.Build.0 = Release|Any CPU
		{7E461C02-344B-4A91-A06F-CDF6BD3CACD4}.Debug|Any CPU.ActiveCfg = Debug|Any CPU
		{7E461C02-344B-4A91-A06F-CDF6BD3CACD4}.Debug|Any CPU.Build.0 = Debug|Any CPU
		{7E461C02-344B-4A91-A06F-CDF6BD3CACD4}.Release|Any CPU.ActiveCfg = Release|Any CPU
		{7E461C02-344B-4A91-A06F-CDF6BD3CACD4}.Release|Any CPU.Build.0 = Release|Any CPU
		{E63F6260-DC75-4D72-9308-3B71C717A48A}.Debug|Any CPU.ActiveCfg = Debug|Any CPU
		{E63F6260-DC75-4D72-9308-3B71C717A48A}.Debug|Any CPU.Build.0 = Debug|Any CPU
		{E63F6260-DC75-4D72-9308-3B71C717A48A}.Release|Any CPU.ActiveCfg = Release|Any CPU
		{E63F6260-DC75-4D72-9308-3B71C717A48A}.Release|Any CPU.Build.0 = Release|Any CPU
		{C5A564D4-0B8D-4D20-932D-9407C044FAE7}.Debug|Any CPU.ActiveCfg = Debug|Any CPU
		{C5A564D4-0B8D-4D20-932D-9407C044FAE7}.Debug|Any CPU.Build.0 = Debug|Any CPU
		{C5A564D4-0B8D-4D20-932D-9407C044FAE7}.Release|Any CPU.ActiveCfg = Release|Any CPU
		{C5A564D4-0B8D-4D20-932D-9407C044FAE7}.Release|Any CPU.Build.0 = Release|Any CPU
		{4518FB8E-086E-4AB5-A195-C81BA0D8B34F}.Debug|Any CPU.ActiveCfg = Debug|Any CPU
		{4518FB8E-086E-4AB5-A195-C81BA0D8B34F}.Debug|Any CPU.Build.0 = Debug|Any CPU
		{4518FB8E-086E-4AB5-A195-C81BA0D8B34F}.Release|Any CPU.ActiveCfg = Release|Any CPU
		{4518FB8E-086E-4AB5-A195-C81BA0D8B34F}.Release|Any CPU.Build.0 = Release|Any CPU
		{0D7712D0-17DD-46ED-8F2E-9A4F91F72E7E}.Debug|Any CPU.ActiveCfg = Debug|Any CPU
		{0D7712D0-17DD-46ED-8F2E-9A4F91F72E7E}.Debug|Any CPU.Build.0 = Debug|Any CPU
		{0D7712D0-17DD-46ED-8F2E-9A4F91F72E7E}.Release|Any CPU.ActiveCfg = Release|Any CPU
		{0D7712D0-17DD-46ED-8F2E-9A4F91F72E7E}.Release|Any CPU.Build.0 = Release|Any CPU
		{19A77800-C0A3-4340-ACC4-6C5B20F79145}.Debug|Any CPU.ActiveCfg = Debug|Any CPU
		{19A77800-C0A3-4340-ACC4-6C5B20F79145}.Debug|Any CPU.Build.0 = Debug|Any CPU
		{19A77800-C0A3-4340-ACC4-6C5B20F79145}.Release|Any CPU.ActiveCfg = Release|Any CPU
		{19A77800-C0A3-4340-ACC4-6C5B20F79145}.Release|Any CPU.Build.0 = Release|Any CPU
		{3DCD24F0-BA3F-4BD9-8625-1702966A507A}.Debug|Any CPU.ActiveCfg = Debug|Any CPU
		{3DCD24F0-BA3F-4BD9-8625-1702966A507A}.Debug|Any CPU.Build.0 = Debug|Any CPU
		{3DCD24F0-BA3F-4BD9-8625-1702966A507A}.Release|Any CPU.ActiveCfg = Release|Any CPU
		{3DCD24F0-BA3F-4BD9-8625-1702966A507A}.Release|Any CPU.Build.0 = Release|Any CPU
		{50396EC7-2F37-4219-8734-7178BCE436BC}.Debug|Any CPU.ActiveCfg = Debug|Any CPU
		{50396EC7-2F37-4219-8734-7178BCE436BC}.Debug|Any CPU.Build.0 = Debug|Any CPU
		{50396EC7-2F37-4219-8734-7178BCE436BC}.Release|Any CPU.ActiveCfg = Release|Any CPU
		{50396EC7-2F37-4219-8734-7178BCE436BC}.Release|Any CPU.Build.0 = Release|Any CPU
	EndGlobalSection
	GlobalSection(SolutionProperties) = preSolution
		HideSolutionNode = FALSE
	EndGlobalSection
	GlobalSection(NestedProjects) = preSolution
		{965F87FD-EDC9-4ADC-AFC6-BE8D3B51C44E} = {C00A026E-A6E0-4887-86E5-54E703E15E39}
		{0EEEC1D0-1A5C-4545-ABED-18CFB15DC492} = {D457B16A-DA7A-415B-A561-BA75DA96FF80}
		{30E06C39-D3E6-45F8-9EE7-F9C532BC1144} = {C00A026E-A6E0-4887-86E5-54E703E15E39}
		{E3498B53-FDDA-4230-B71D-760BFBBA8FA4} = {C00A026E-A6E0-4887-86E5-54E703E15E39}
		{DF5E87FA-E67D-4ED6-A907-C152B77FE89C} = {3EA61C49-20C7-40E8-B97A-E080A43D71C1}
		{15B4A4CC-146A-4CBC-811C-ECC00CB8DA9C} = {C00A026E-A6E0-4887-86E5-54E703E15E39}
		{ED043FA3-C4F8-4F49-B9C2-A69145E9A035} = {E3498B53-FDDA-4230-B71D-760BFBBA8FA4}
		{061D1079-4807-430E-ADE2-2C2083F0CBBA} = {965F87FD-EDC9-4ADC-AFC6-BE8D3B51C44E}
		{5790FC7D-8B06-43CD-8C5B-A602014F1985} = {15B4A4CC-146A-4CBC-811C-ECC00CB8DA9C}
		{7E461C02-344B-4A91-A06F-CDF6BD3CACD4} = {D457B16A-DA7A-415B-A561-BA75DA96FF80}
		{E63F6260-DC75-4D72-9308-3B71C717A48A} = {D457B16A-DA7A-415B-A561-BA75DA96FF80}
		{C5A564D4-0B8D-4D20-932D-9407C044FAE7} = {30E06C39-D3E6-45F8-9EE7-F9C532BC1144}
		{4518FB8E-086E-4AB5-A195-C81BA0D8B34F} = {965F87FD-EDC9-4ADC-AFC6-BE8D3B51C44E}
		{0D7712D0-17DD-46ED-8F2E-9A4F91F72E7E} = {30E06C39-D3E6-45F8-9EE7-F9C532BC1144}
		{19A77800-C0A3-4340-ACC4-6C5B20F79145} = {30E06C39-D3E6-45F8-9EE7-F9C532BC1144}
		{3DCD24F0-BA3F-4BD9-8625-1702966A507A} = {EF8D0BD9-52DA-496A-B7AD-9B3A6403AAF0}
		{50396EC7-2F37-4219-8734-7178BCE436BC} = {965F87FD-EDC9-4ADC-AFC6-BE8D3B51C44E}
	EndGlobalSection
	GlobalSection(ExtensibilityGlobals) = postSolution
		SolutionGuid = {8AA8A38F-0A4D-42BE-95B1-07307DB3867C}
	EndGlobalSection
EndGlobal
